
Microsoft Visual Studio Solution File, Format Version 12.00
# Visual Studio Version 17
VisualStudioVersion = 17.4.33103.184
MinimumVisualStudioVersion = 10.0.40219.1
Project("{9A19103F-16F7-4668-BE54-9A1E7A4F7556}") = "RomanNumbersCalculator", "RomanNumbersCalculator\RomanNumbersCalculator.csproj", "{B27FA7BE-9475-45DE-936E-7433168B5AD4}"
EndProject
Project("{FAE04EC0-301F-11D3-BF4B-00C04F79EFBC}") = "UITestsForRomanNumbersCalculator", "UITestsForRomanNumbersCalculator\UITestsForRomanNumbersCalculator.csproj", "{D092571A-60EC-4282-9BC1-3EF455A5E7F3}"
EndProject
Global
	GlobalSection(SolutionConfigurationPlatforms) = preSolution
		Debug|Any CPU = Debug|Any CPU
		Release|Any CPU = Release|Any CPU
	EndGlobalSection
	GlobalSection(ProjectConfigurationPlatforms) = postSolution
		{B27FA7BE-9475-45DE-936E-7433168B5AD4}.Debug|Any CPU.ActiveCfg = Debug|Any CPU
		{B27FA7BE-9475-45DE-936E-7433168B5AD4}.Debug|Any CPU.Build.0 = Debug|Any CPU
		{B27FA7BE-9475-45DE-936E-7433168B5AD4}.Release|Any CPU.ActiveCfg = Release|Any CPU
		{B27FA7BE-9475-45DE-936E-7433168B5AD4}.Release|Any CPU.Build.0 = Release|Any CPU
		{D092571A-60EC-4282-9BC1-3EF455A5E7F3}.Debug|Any CPU.ActiveCfg = Debug|Any CPU
		{D092571A-60EC-4282-9BC1-3EF455A5E7F3}.Debug|Any CPU.Build.0 = Debug|Any CPU
		{D092571A-60EC-4282-9BC1-3EF455A5E7F3}.Release|Any CPU.ActiveCfg = Release|Any CPU
		{D092571A-60EC-4282-9BC1-3EF455A5E7F3}.Release|Any CPU.Build.0 = Release|Any CPU
	EndGlobalSection
	GlobalSection(SolutionProperties) = preSolution
		HideSolutionNode = FALSE
	EndGlobalSection
	GlobalSection(ExtensibilityGlobals) = postSolution
		SolutionGuid = {A363B639-1DA1-4C0B-B05E-A5820CE6226F}
	EndGlobalSection
EndGlobal
