
Microsoft Visual Studio Solution File, Format Version 12.00
# Visual Studio Version 17
VisualStudioVersion = 17.4.33103.184
MinimumVisualStudioVersion = 10.0.40219.1
Project("{9A19103F-16F7-4668-BE54-9A1E7A4F7556}") = "EventInSity", "EventInSity\EventInSity.csproj", "{B098FC96-075D-407F-9AD8-B530286E9F5C}"
EndProject
Global
	GlobalSection(SolutionConfigurationPlatforms) = preSolution
		Debug|Any CPU = Debug|Any CPU
		Release|Any CPU = Release|Any CPU
	EndGlobalSection
	GlobalSection(ProjectConfigurationPlatforms) = postSolution
		{B098FC96-075D-407F-9AD8-B530286E9F5C}.Debug|Any CPU.ActiveCfg = Debug|Any CPU
		{B098FC96-075D-407F-9AD8-B530286E9F5C}.Debug|Any CPU.Build.0 = Debug|Any CPU
		{B098FC96-075D-407F-9AD8-B530286E9F5C}.Release|Any CPU.ActiveCfg = Release|Any CPU
		{B098FC96-075D-407F-9AD8-B530286E9F5C}.Release|Any CPU.Build.0 = Release|Any CPU
	EndGlobalSection
	GlobalSection(SolutionProperties) = preSolution
		HideSolutionNode = FALSE
	EndGlobalSection
	GlobalSection(ExtensibilityGlobals) = postSolution
		SolutionGuid = {1D467DCB-AB4E-41FA-B6F2-4E177A62801A}
	EndGlobalSection
EndGlobal
