
Microsoft Visual Studio Solution File, Format Version 12.00
# Visual Studio Version 17
VisualStudioVersion = 17.4.33103.184
MinimumVisualStudioVersion = 10.0.40219.1
Project("{FAE04EC0-301F-11D3-BF4B-00C04F79EFBC}") = "stp_lab12", "stp_lab12\stp_lab12.csproj", "{AA4115D1-33E7-4C60-ADD7-C67B9B8052FE}"
EndProject
Global
	GlobalSection(SolutionConfigurationPlatforms) = preSolution
		Debug|Any CPU = Debug|Any CPU
		Release|Any CPU = Release|Any CPU
	EndGlobalSection
	GlobalSection(ProjectConfigurationPlatforms) = postSolution
		{AA4115D1-33E7-4C60-ADD7-C67B9B8052FE}.Debug|Any CPU.ActiveCfg = Debug|Any CPU
		{AA4115D1-33E7-4C60-ADD7-C67B9B8052FE}.Debug|Any CPU.Build.0 = Debug|Any CPU
		{AA4115D1-33E7-4C60-ADD7-C67B9B8052FE}.Release|Any CPU.ActiveCfg = Release|Any CPU
		{AA4115D1-33E7-4C60-ADD7-C67B9B8052FE}.Release|Any CPU.Build.0 = Release|Any CPU
	EndGlobalSection
	GlobalSection(SolutionProperties) = preSolution
		HideSolutionNode = FALSE
	EndGlobalSection
	GlobalSection(ExtensibilityGlobals) = postSolution
		SolutionGuid = {791947E8-5087-4E42-849F-EEC5E58D42EC}
	EndGlobalSection
EndGlobal
