
Microsoft Visual Studio Solution File, Format Version 12.00
# Visual Studio Version 17
VisualStudioVersion = 17.4.33103.184
MinimumVisualStudioVersion = 10.0.40219.1
Project("{9A19103F-16F7-4668-BE54-9A1E7A4F7556}") = "Student", "Student\Student.csproj", "{8FA4B99C-C504-43CD-A660-79977BFE285B}"
EndProject
Project("{FAE04EC0-301F-11D3-BF4B-00C04F79EFBC}") = "UITestsStudent", "UITestsStudent\UITestsStudent.csproj", "{075EA53E-F825-4F69-80C9-EDAD066EF31A}"
EndProject
Global
	GlobalSection(SolutionConfigurationPlatforms) = preSolution
		Debug|Any CPU = Debug|Any CPU
		Release|Any CPU = Release|Any CPU
	EndGlobalSection
	GlobalSection(ProjectConfigurationPlatforms) = postSolution
		{8FA4B99C-C504-43CD-A660-79977BFE285B}.Debug|Any CPU.ActiveCfg = Debug|Any CPU
		{8FA4B99C-C504-43CD-A660-79977BFE285B}.Debug|Any CPU.Build.0 = Debug|Any CPU
		{8FA4B99C-C504-43CD-A660-79977BFE285B}.Release|Any CPU.ActiveCfg = Release|Any CPU
		{8FA4B99C-C504-43CD-A660-79977BFE285B}.Release|Any CPU.Build.0 = Release|Any CPU
		{075EA53E-F825-4F69-80C9-EDAD066EF31A}.Debug|Any CPU.ActiveCfg = Debug|Any CPU
		{075EA53E-F825-4F69-80C9-EDAD066EF31A}.Debug|Any CPU.Build.0 = Debug|Any CPU
		{075EA53E-F825-4F69-80C9-EDAD066EF31A}.Release|Any CPU.ActiveCfg = Release|Any CPU
		{075EA53E-F825-4F69-80C9-EDAD066EF31A}.Release|Any CPU.Build.0 = Release|Any CPU
	EndGlobalSection
	GlobalSection(SolutionProperties) = preSolution
		HideSolutionNode = FALSE
	EndGlobalSection
	GlobalSection(ExtensibilityGlobals) = postSolution
		SolutionGuid = {7E8D564F-37B3-41B5-A89C-22EC0E61AB27}
	EndGlobalSection
EndGlobal
