
Microsoft Visual Studio Solution File, Format Version 12.00
# Visual Studio 15
Project("{FAE04EC0-301F-11D3-BF4B-00C04F79EFBC}") = "Assembly-CSharp", "Assembly-CSharp.csproj", "{2AB0ABEA-610D-5585-FC0D-724EB1F42379}"
EndProject
Project("{FAE04EC0-301F-11D3-BF4B-00C04F79EFBC}") = "Assembly-CSharp-Editor", "Assembly-CSharp-Editor.csproj", "{B89B54FA-2CBC-BEDC-33D1-058144E81951}"
EndProject
Global
	GlobalSection(SolutionConfigurationPlatforms) = preSolution
		Debug|Any CPU = Debug|Any CPU
		Release|Any CPU = Release|Any CPU
	EndGlobalSection
	GlobalSection(ProjectConfigurationPlatforms) = postSolution
		{2AB0ABEA-610D-5585-FC0D-724EB1F42379}.Debug|Any CPU.ActiveCfg = Debug|Any CPU
		{2AB0ABEA-610D-5585-FC0D-724EB1F42379}.Debug|Any CPU.Build.0 = Debug|Any CPU
		{2AB0ABEA-610D-5585-FC0D-724EB1F42379}.Release|Any CPU.ActiveCfg = Release|Any CPU
		{2AB0ABEA-610D-5585-FC0D-724EB1F42379}.Release|Any CPU.Build.0 = Release|Any CPU
		{B89B54FA-2CBC-BEDC-33D1-058144E81951}.Debug|Any CPU.ActiveCfg = Debug|Any CPU
		{B89B54FA-2CBC-BEDC-33D1-058144E81951}.Debug|Any CPU.Build.0 = Debug|Any CPU
		{B89B54FA-2CBC-BEDC-33D1-058144E81951}.Release|Any CPU.ActiveCfg = Release|Any CPU
		{B89B54FA-2CBC-BEDC-33D1-058144E81951}.Release|Any CPU.Build.0 = Release|Any CPU
	EndGlobalSection
	GlobalSection(SolutionProperties) = preSolution
		HideSolutionNode = FALSE
	EndGlobalSection
EndGlobal
